
Microsoft Visual Studio Solution File, Format Version 12.00
# Visual Studio Version 17
VisualStudioVersion = 17.12.35514.174 d17.12
MinimumVisualStudioVersion = 10.0.40219.1
Project("{FAE04EC0-301F-11D3-BF4B-00C04F79EFBC}") = "JobPortal", "JobPortal\JobPortal.csproj", "{17B24192-0FB3-460F-9D85-0D69D51AA910}"
EndProject
Project("{FAE04EC0-301F-11D3-BF4B-00C04F79EFBC}") = "DbLayer", "DbLayer\DbLayer.csproj", "{6BE9B272-BBEA-48C3-915F-BA872BA8AD10}"
EndProject
Global
	GlobalSection(SolutionConfigurationPlatforms) = preSolution
		Debug|Any CPU = Debug|Any CPU
		Release|Any CPU = Release|Any CPU
	EndGlobalSection
	GlobalSection(ProjectConfigurationPlatforms) = postSolution
		{17B24192-0FB3-460F-9D85-0D69D51AA910}.Debug|Any CPU.ActiveCfg = Debug|Any CPU
		{17B24192-0FB3-460F-9D85-0D69D51AA910}.Debug|Any CPU.Build.0 = Debug|Any CPU
		{17B24192-0FB3-460F-9D85-0D69D51AA910}.Release|Any CPU.ActiveCfg = Release|Any CPU
		{17B24192-0FB3-460F-9D85-0D69D51AA910}.Release|Any CPU.Build.0 = Release|Any CPU
		{6BE9B272-BBEA-48C3-915F-BA872BA8AD10}.Debug|Any CPU.ActiveCfg = Debug|Any CPU
		{6BE9B272-BBEA-48C3-915F-BA872BA8AD10}.Debug|Any CPU.Build.0 = Debug|Any CPU
		{6BE9B272-BBEA-48C3-915F-BA872BA8AD10}.Release|Any CPU.ActiveCfg = Release|Any CPU
		{6BE9B272-BBEA-48C3-915F-BA872BA8AD10}.Release|Any CPU.Build.0 = Release|Any CPU
	EndGlobalSection
	GlobalSection(SolutionProperties) = preSolution
		HideSolutionNode = FALSE
	EndGlobalSection
EndGlobal
